// !$*UTF8*$!
{
	archiveVersion = 1;
	classes = {
	};
	objectVersion = 50;
	objects = {

/* Begin PBXBuildFile section */
		289E6AB724C4B77C00E42C69 /* AppDelegate.swift in Sources */ = {isa = PBXBuildFile; fileRef = 289E6AB624C4B77C00E42C69 /* AppDelegate.swift */; };
		289E6AB924C4B77C00E42C69 /* SceneDelegate.swift in Sources */ = {isa = PBXBuildFile; fileRef = 289E6AB824C4B77C00E42C69 /* SceneDelegate.swift */; };
		289E6ABB24C4B77C00E42C69 /* ContentView.swift in Sources */ = {isa = PBXBuildFile; fileRef = 289E6ABA24C4B77C00E42C69 /* ContentView.swift */; };
		289E6ABD24C4B77E00E42C69 /* Assets.xcassets in Resources */ = {isa = PBXBuildFile; fileRef = 289E6ABC24C4B77E00E42C69 /* Assets.xcassets */; };
		289E6AC024C4B77E00E42C69 /* Preview Assets.xcassets in Resources */ = {isa = PBXBuildFile; fileRef = 289E6ABF24C4B77E00E42C69 /* Preview Assets.xcassets */; };
		289E6AC324C4B77E00E42C69 /* LaunchScreen.storyboard in Resources */ = {isa = PBXBuildFile; fileRef = 289E6AC124C4B77E00E42C69 /* LaunchScreen.storyboard */; };
		289E6ACB24C4B7D000E42C69 /* Cell.swift in Sources */ = {isa = PBXBuildFile; fileRef = 289E6ACA24C4B7D000E42C69 /* Cell.swift */; };
		289E6ACD24C4BD1F00E42C69 /* ListModel.swift in Sources */ = {isa = PBXBuildFile; fileRef = 289E6ACC24C4BD1F00E42C69 /* ListModel.swift */; };
		289E6ACF24C4BE2200E42C69 /* MyFirstListView.swift in Sources */ = {isa = PBXBuildFile; fileRef = 289E6ACE24C4BE2200E42C69 /* MyFirstListView.swift */; };
		289E6AD124C4CB6300E42C69 /* MyFirstScrollView.swift in Sources */ = {isa = PBXBuildFile; fileRef = 289E6AD024C4CB6300E42C69 /* MyFirstScrollView.swift */; };
/* End PBXBuildFile section */

/* Begin PBXFileReference section */
		289E6AB324C4B77C00E42C69 /* SwiftUI-Stacks.app */ = {isa = PBXFileReference; explicitFileType = wrapper.application; includeInIndex = 0; path = "SwiftUI-Stacks.app"; sourceTree = BUILT_PRODUCTS_DIR; };
		289E6AB624C4B77C00E42C69 /* AppDelegate.swift */ = {isa = PBXFileReference; lastKnownFileType = sourcecode.swift; path = AppDelegate.swift; sourceTree = "<group>"; };
		289E6AB824C4B77C00E42C69 /* SceneDelegate.swift */ = {isa = PBXFileReference; lastKnownFileType = sourcecode.swift; path = SceneDelegate.swift; sourceTree = "<group>"; };
		289E6ABA24C4B77C00E42C69 /* ContentView.swift */ = {isa = PBXFileReference; lastKnownFileType = sourcecode.swift; path = ContentView.swift; sourceTree = "<group>"; };
		289E6ABC24C4B77E00E42C69 /* Assets.xcassets */ = {isa = PBXFileReference; lastKnownFileType = folder.assetcatalog; path = Assets.xcassets; sourceTree = "<group>"; };
		289E6ABF24C4B77E00E42C69 /* Preview Assets.xcassets */ = {isa = PBXFileReference; lastKnownFileType = folder.assetcatalog; path = "Preview Assets.xcassets"; sourceTree = "<group>"; };
		289E6AC224C4B77E00E42C69 /* Base */ = {isa = PBXFileReference; lastKnownFileType = file.storyboard; name = Base; path = Base.lproj/LaunchScreen.storyboard; sourceTree = "<group>"; };
		289E6AC424C4B77E00E42C69 /* Info.plist */ = {isa = PBXFileReference; lastKnownFileType = text.plist.xml; path = Info.plist; sourceTree = "<group>"; };
		289E6ACA24C4B7D000E42C69 /* Cell.swift */ = {isa = PBXFileReference; lastKnownFileType = sourcecode.swift; path = Cell.swift; sourceTree = "<group>"; };
		289E6ACC24C4BD1F00E42C69 /* ListModel.swift */ = {isa = PBXFileReference; lastKnownFileType = sourcecode.swift; path = ListModel.swift; sourceTree = "<group>"; };
		289E6ACE24C4BE2200E42C69 /* MyFirstListView.swift */ = {isa = PBXFileReference; lastKnownFileType = sourcecode.swift; path = MyFirstListView.swift; sourceTree = "<group>"; };
		289E6AD024C4CB6300E42C69 /* MyFirstScrollView.swift */ = {isa = PBXFileReference; lastKnownFileType = sourcecode.swift; path = MyFirstScrollView.swift; sourceTree = "<group>"; };
/* End PBXFileReference section */

/* Begin PBXFrameworksBuildPhase section */
		289E6AB024C4B77C00E42C69 /* Frameworks */ = {
			isa = PBXFrameworksBuildPhase;
			buildActionMask = 2147483647;
			files = (
			);
			runOnlyForDeploymentPostprocessing = 0;
		};
/* End PBXFrameworksBuildPhase section */

/* Begin PBXGroup section */
		289E6AAA24C4B77C00E42C69 = {
			isa = PBXGroup;
			children = (
				289E6AB524C4B77C00E42C69 /* SwiftUI-Stacks */,
				289E6AB424C4B77C00E42C69 /* Products */,
			);
			sourceTree = "<group>";
		};
		289E6AB424C4B77C00E42C69 /* Products */ = {
			isa = PBXGroup;
			children = (
				289E6AB324C4B77C00E42C69 /* SwiftUI-Stacks.app */,
			);
			name = Products;
			sourceTree = "<group>";
		};
		289E6AB524C4B77C00E42C69 /* SwiftUI-Stacks */ = {
			isa = PBXGroup;
			children = (
				289E6AB624C4B77C00E42C69 /* AppDelegate.swift */,
				289E6AB824C4B77C00E42C69 /* SceneDelegate.swift */,
				289E6ABA24C4B77C00E42C69 /* ContentView.swift */,
				289E6ABC24C4B77E00E42C69 /* Assets.xcassets */,
				289E6AC124C4B77E00E42C69 /* LaunchScreen.storyboard */,
				289E6AC424C4B77E00E42C69 /* Info.plist */,
				289E6ABE24C4B77E00E42C69 /* Preview Content */,
				289E6ACA24C4B7D000E42C69 /* Cell.swift */,
				289E6ACC24C4BD1F00E42C69 /* ListModel.swift */,
				289E6ACE24C4BE2200E42C69 /* MyFirstListView.swift */,
				289E6AD024C4CB6300E42C69 /* MyFirstScrollView.swift */,
			);
			path = "SwiftUI-Stacks";
			sourceTree = "<group>";
		};
		289E6ABE24C4B77E00E42C69 /* Preview Content */ = {
			isa = PBXGroup;
			children = (
				289E6ABF24C4B77E00E42C69 /* Preview Assets.xcassets */,
			);
			path = "Preview Content";
			sourceTree = "<group>";
		};
/* End PBXGroup section */

/* Begin PBXNativeTarget section */
		289E6AB224C4B77C00E42C69 /* SwiftUI-Stacks */ = {
			isa = PBXNativeTarget;
			buildConfigurationList = 289E6AC724C4B77E00E42C69 /* Build configuration list for PBXNativeTarget "SwiftUI-Stacks" */;
			buildPhases = (
				289E6AAF24C4B77C00E42C69 /* Sources */,
				289E6AB024C4B77C00E42C69 /* Frameworks */,
				289E6AB124C4B77C00E42C69 /* Resources */,
			);
			buildRules = (
			);
			dependencies = (
			);
			name = "SwiftUI-Stacks";
			productName = "SwiftUI-Stacks";
			productReference = 289E6AB324C4B77C00E42C69 /* SwiftUI-Stacks.app */;
			productType = "com.apple.product-type.application";
		};
/* End PBXNativeTarget section */

/* Begin PBXProject section */
		289E6AAB24C4B77C00E42C69 /* Project object */ = {
			isa = PBXProject;
			attributes = {
				LastSwiftUpdateCheck = 1160;
				LastUpgradeCheck = 1160;
				ORGANIZATIONNAME = "Swapnil Salunke";
				TargetAttributes = {
					289E6AB224C4B77C00E42C69 = {
						CreatedOnToolsVersion = 11.6;
					};
				};
			};
			buildConfigurationList = 289E6AAE24C4B77C00E42C69 /* Build configuration list for PBXProject "SwiftUI-Stacks" */;
			compatibilityVersion = "Xcode 9.3";
			developmentRegion = en;
			hasScannedForEncodings = 0;
			knownRegions = (
				en,
				Base,
			);
			mainGroup = 289E6AAA24C4B77C00E42C69;
			productRefGroup = 289E6AB424C4B77C00E42C69 /* Products */;
			projectDirPath = "";
			projectRoot = "";
			targets = (
				289E6AB224C4B77C00E42C69 /* SwiftUI-Stacks */,
			);
		};
/* End PBXProject section */

/* Begin PBXResourcesBuildPhase section */
		289E6AB124C4B77C00E42C69 /* Resources */ = {
			isa = PBXResourcesBuildPhase;
			buildActionMask = 2147483647;
			files = (
				289E6AC324C4B77E00E42C69 /* LaunchScreen.storyboard in Resources */,
				289E6AC024C4B77E00E42C69 /* Preview Assets.xcassets in Resources */,
				289E6ABD24C4B77E00E42C69 /* Assets.xcassets in Resources */,
			);
			runOnlyForDeploymentPostprocessing = 0;
		};
/* End PBXResourcesBuildPhase section */

/* Begin PBXSourcesBuildPhase section */
		289E6AAF24C4B77C00E42C69 /* Sources */ = {
			isa = PBXSourcesBuildPhase;
			buildActionMask = 2147483647;
			files = (
				289E6AB724C4B77C00E42C69 /* AppDelegate.swift in Sources */,
				289E6ACB24C4B7D000E42C69 /* Cell.swift in Sources */,
				289E6AB924C4B77C00E42C69 /* SceneDelegate.swift in Sources */,
				289E6ACF24C4BE2200E42C69 /* MyFirstListView.swift in Sources */,
				289E6AD124C4CB6300E42C69 /* MyFirstScrollView.swift in Sources */,
				289E6ABB24C4B77C00E42C69 /* ContentView.swift in Sources */,
				289E6ACD24C4BD1F00E42C69 /* ListModel.swift in Sources */,
			);
			runOnlyForDeploymentPostprocessing = 0;
		};
/* End PBXSourcesBuildPhase section */

/* Begin PBXVariantGroup section */
		289E6AC124C4B77E00E42C69 /* LaunchScreen.storyboard */ = {
			isa = PBXVariantGroup;
			children = (
				289E6AC224C4B77E00E42C69 /* Base */,
			);
			name = LaunchScreen.storyboard;
			sourceTree = "<group>";
		};
/* End PBXVariantGroup section */

/* Begin XCBuildConfiguration section */
		289E6AC524C4B77E00E42C69 /* Debug */ = {
			isa = XCBuildConfiguration;
			buildSettings = {
				ALWAYS_SEARCH_USER_PATHS = NO;
				CLANG_ANALYZER_NONNULL = YES;
				CLANG_ANALYZER_NUMBER_OBJECT_CONVERSION = YES_AGGRESSIVE;
				CLANG_CXX_LANGUAGE_STANDARD = "gnu++14";
				CLANG_CXX_LIBRARY = "libc++";
				CLANG_ENABLE_MODULES = YES;
				CLANG_ENABLE_OBJC_ARC = YES;
				CLANG_ENABLE_OBJC_WEAK = YES;
				CLANG_WARN_BLOCK_CAPTURE_AUTORELEASING = YES;
				CLANG_WARN_BOOL_CONVERSION = YES;
				CLANG_WARN_COMMA = YES;
				CLANG_WARN_CONSTANT_CONVERSION = YES;
				CLANG_WARN_DEPRECATED_OBJC_IMPLEMENTATIONS = YES;
				CLANG_WARN_DIRECT_OBJC_ISA_USAGE = YES_ERROR;
				CLANG_WARN_DOCUMENTATION_COMMENTS = YES;
				CLANG_WARN_EMPTY_BODY = YES;
				CLANG_WARN_ENUM_CONVERSION = YES;
				CLANG_WARN_INFINITE_RECURSION = YES;
				CLANG_WARN_INT_CONVERSION = YES;
				CLANG_WARN_NON_LITERAL_NULL_CONVERSION = YES;
				CLANG_WARN_OBJC_IMPLICIT_RETAIN_SELF = YES;
				CLANG_WARN_OBJC_LITERAL_CONVERSION = YES;
				CLANG_WARN_OBJC_ROOT_CLASS = YES_ERROR;
				CLANG_WARN_RANGE_LOOP_ANALYSIS = YES;
				CLANG_WARN_STRICT_PROTOTYPES = YES;
				CLANG_WARN_SUSPICIOUS_MOVE = YES;
				CLANG_WARN_UNGUARDED_AVAILABILITY = YES_AGGRESSIVE;
				CLANG_WARN_UNREACHABLE_CODE = YES;
				CLANG_WARN__DUPLICATE_METHOD_MATCH = YES;
				COPY_PHASE_STRIP = NO;
				DEBUG_INFORMATION_FORMAT = dwarf;
				ENABLE_STRICT_OBJC_MSGSEND = YES;
				ENABLE_TESTABILITY = YES;
				GCC_C_LANGUAGE_STANDARD = gnu11;
				GCC_DYNAMIC_NO_PIC = NO;
				GCC_NO_COMMON_BLOCKS = YES;
				GCC_OPTIMIZATION_LEVEL = 0;
				GCC_PREPROCESSOR_DEFINITIONS = (
					"DEBUG=1",
					"$(inherited)",
				);
				GCC_WARN_64_TO_32_BIT_CONVERSION = YES;
				GCC_WARN_ABOUT_RETURN_TYPE = YES_ERROR;
				GCC_WARN_UNDECLARED_SELECTOR = YES;
				GCC_WARN_UNINITIALIZED_AUTOS = YES_AGGRESSIVE;
				GCC_WARN_UNUSED_FUNCTION = YES;
				GCC_WARN_UNUSED_VARIABLE = YES;
				IPHONEOS_DEPLOYMENT_TARGET = 13.6;
				MTL_ENABLE_DEBUG_INFO = INCLUDE_SOURCE;
				MTL_FAST_MATH = YES;
				ONLY_ACTIVE_ARCH = YES;
				SDKROOT = iphoneos;
				SWIFT_ACTIVE_COMPILATION_CONDITIONS = DEBUG;
				SWIFT_OPTIMIZATION_LEVEL = "-Onone";
			};
			name = Debug;
		};
		289E6AC624C4B77E00E42C69 /* Release */ = {
			isa = XCBuildConfiguration;
			buildSettings = {
				ALWAYS_SEARCH_USER_PATHS = NO;
				CLANG_ANALYZER_NONNULL = YES;
				CLANG_ANALYZER_NUMBER_OBJECT_CONVERSION = YES_AGGRESSIVE;
				CLANG_CXX_LANGUAGE_STANDARD = "gnu++14";
				CLANG_CXX_LIBRARY = "libc++";
				CLANG_ENABLE_MODULES = YES;
				CLANG_ENABLE_OBJC_ARC = YES;
				CLANG_ENABLE_OBJC_WEAK = YES;
				CLANG_WARN_BLOCK_CAPTURE_AUTORELEASING = YES;
				CLANG_WARN_BOOL_CONVERSION = YES;
				CLANG_WARN_COMMA = YES;
				CLANG_WARN_CONSTANT_CONVERSION = YES;
				CLANG_WARN_DEPRECATED_OBJC_IMPLEMENTATIONS = YES;
				CLANG_WARN_DIRECT_OBJC_ISA_USAGE = YES_ERROR;
				CLANG_WARN_DOCUMENTATION_COMMENTS = YES;
				CLANG_WARN_EMPTY_BODY = YES;
				CLANG_WARN_ENUM_CONVERSION = YES;
				CLANG_WARN_INFINITE_RECURSION = YES;
				CLANG_WARN_INT_CONVERSION = YES;
				CLANG_WARN_NON_LITERAL_NULL_CONVERSION = YES;
				CLANG_WARN_OBJC_IMPLICIT_RETAIN_SELF = YES;
				CLANG_WARN_OBJC_LITERAL_CONVERSION = YES;
				CLANG_WARN_OBJC_ROOT_CLASS = YES_ERROR;
				CLANG_WARN_RANGE_LOOP_ANALYSIS = YES;
				CLANG_WARN_STRICT_PROTOTYPES = YES;
				CLANG_WARN_SUSPICIOUS_MOVE = YES;
				CLANG_WARN_UNGUARDED_AVAILABILITY = YES_AGGRESSIVE;
				CLANG_WARN_UNREACHABLE_CODE = YES;
				CLANG_WARN__DUPLICATE_METHOD_MATCH = YES;
				COPY_PHASE_STRIP = NO;
				DEBUG_INFORMATION_FORMAT = "dwarf-with-dsym";
				ENABLE_NS_ASSERTIONS = NO;
				ENABLE_STRICT_OBJC_MSGSEND = YES;
				GCC_C_LANGUAGE_STANDARD = gnu11;
				GCC_NO_COMMON_BLOCKS = YES;
				GCC_WARN_64_TO_32_BIT_CONVERSION = YES;
				GCC_WARN_ABOUT_RETURN_TYPE = YES_ERROR;
				GCC_WARN_UNDECLARED_SELECTOR = YES;
				GCC_WARN_UNINITIALIZED_AUTOS = YES_AGGRESSIVE;
				GCC_WARN_UNUSED_FUNCTION = YES;
				GCC_WARN_UNUSED_VARIABLE = YES;
				IPHONEOS_DEPLOYMENT_TARGET = 13.6;
				MTL_ENABLE_DEBUG_INFO = NO;
				MTL_FAST_MATH = YES;
				SDKROOT = iphoneos;
				SWIFT_COMPILATION_MODE = wholemodule;
				SWIFT_OPTIMIZATION_LEVEL = "-O";
				VALIDATE_PRODUCT = YES;
			};
			name = Release;
		};
		289E6AC824C4B77E00E42C69 /* Debug */ = {
			isa = XCBuildConfiguration;
			buildSettings = {
				ASSETCATALOG_COMPILER_APPICON_NAME = AppIcon;
				CODE_SIGN_STYLE = Automatic;
				DEVELOPMENT_ASSET_PATHS = "\"SwiftUI-Stacks/Preview Content\"";
				DEVELOPMENT_TEAM = 8C5FXFHAHB;
				ENABLE_PREVIEWS = YES;
				INFOPLIST_FILE = "SwiftUI-Stacks/Info.plist";
				LD_RUNPATH_SEARCH_PATHS = (
					"$(inherited)",
					"@executable_path/Frameworks",
				);
				PRODUCT_BUNDLE_IDENTIFIER = "com.swapnilsalunke.Personal.SwiftUI-Stacks";
				PRODUCT_NAME = "$(TARGET_NAME)";
				SWIFT_VERSION = 5.0;
				TARGETED_DEVICE_FAMILY = "1,2";
			};
			name = Debug;
		};
		289E6AC924C4B77E00E42C69 /* Release */ = {
			isa = XCBuildConfiguration;
			buildSettings = {
				ASSETCATALOG_COMPILER_APPICON_NAME = AppIcon;
				CODE_SIGN_STYLE = Automatic;
				DEVELOPMENT_ASSET_PATHS = "\"SwiftUI-Stacks/Preview Content\"";
				DEVELOPMENT_TEAM = 8C5FXFHAHB;
				ENABLE_PREVIEWS = YES;
				INFOPLIST_FILE = "SwiftUI-Stacks/Info.plist";
				LD_RUNPATH_SEARCH_PATHS = (
					"$(inherited)",
					"@executable_path/Frameworks",
				);
				PRODUCT_BUNDLE_IDENTIFIER = "com.swapnilsalunke.Personal.SwiftUI-Stacks";
				PRODUCT_NAME = "$(TARGET_NAME)";
				SWIFT_VERSION = 5.0;
				TARGETED_DEVICE_FAMILY = "1,2";
			};
			name = Release;
		};
/* End XCBuildConfiguration section */

/* Begin XCConfigurationList section */
		289E6AAE24C4B77C00E42C69 /* Build configuration list for PBXProject "SwiftUI-Stacks" */ = {
			isa = XCConfigurationList;
			buildConfigurations = (
				289E6AC524C4B77E00E42C69 /* Debug */,
				289E6AC624C4B77E00E42C69 /* Release */,
			);
			defaultConfigurationIsVisible = 0;
			defaultConfigurationName = Release;
		};
		289E6AC724C4B77E00E42C69 /* Build configuration list for PBXNativeTarget "SwiftUI-Stacks" */ = {
			isa = XCConfigurationList;
			buildConfigurations = (
				289E6AC824C4B77E00E42C69 /* Debug */,
				289E6AC924C4B77E00E42C69 /* Release */,
			);
			defaultConfigurationIsVisible = 0;
			defaultConfigurationName = Release;
		};
/* End XCConfigurationList section */
	};
	rootObject = 289E6AAB24C4B77C00E42C69 /* Project object */;
}
